
Microsoft Visual Studio Solution File, Format Version 12.00
# Visual Studio Version 17
VisualStudioVersion = 17.4.33205.214
MinimumVisualStudioVersion = 10.0.40219.1
Project("{FAE04EC0-301F-11D3-BF4B-00C04F79EFBC}") = "cuoiKy", "cuoiKy\cuoiKy.csproj", "{8D40E866-B1A0-4F80-AEFD-99A1AC417554}"
EndProject
Global
	GlobalSection(SolutionConfigurationPlatforms) = preSolution
		Debug|Any CPU = Debug|Any CPU
		Release|Any CPU = Release|Any CPU
	EndGlobalSection
	GlobalSection(ProjectConfigurationPlatforms) = postSolution
		{8D40E866-B1A0-4F80-AEFD-99A1AC417554}.Debug|Any CPU.ActiveCfg = Debug|Any CPU
		{8D40E866-B1A0-4F80-AEFD-99A1AC417554}.Debug|Any CPU.Build.0 = Debug|Any CPU
		{8D40E866-B1A0-4F80-AEFD-99A1AC417554}.Release|Any CPU.ActiveCfg = Release|Any CPU
		{8D40E866-B1A0-4F80-AEFD-99A1AC417554}.Release|Any CPU.Build.0 = Release|Any CPU
	EndGlobalSection
	GlobalSection(SolutionProperties) = preSolution
		HideSolutionNode = FALSE
	EndGlobalSection
	GlobalSection(ExtensibilityGlobals) = postSolution
		SolutionGuid = {24081248-7022-472B-A726-EDD39B9CFD0E}
	EndGlobalSection
EndGlobal
