
Microsoft Visual Studio Solution File, Format Version 12.00
# Visual Studio Version 17
VisualStudioVersion = 17.4.33205.214
MinimumVisualStudioVersion = 10.0.40219.1
Project("{FAE04EC0-301F-11D3-BF4B-00C04F79EFBC}") = "thicuoiky", "thicuoiky\thicuoiky.csproj", "{65027321-5133-4CC2-BEA9-F1056B6B906E}"
EndProject
Project("{FAE04EC0-301F-11D3-BF4B-00C04F79EFBC}") = "windowform", "windowform\windowform.csproj", "{D010A65B-B03A-4EA9-87C9-07AAED22F3CD}"
EndProject
Global
	GlobalSection(SolutionConfigurationPlatforms) = preSolution
		Debug|Any CPU = Debug|Any CPU
		Release|Any CPU = Release|Any CPU
	EndGlobalSection
	GlobalSection(ProjectConfigurationPlatforms) = postSolution
		{65027321-5133-4CC2-BEA9-F1056B6B906E}.Debug|Any CPU.ActiveCfg = Debug|Any CPU
		{65027321-5133-4CC2-BEA9-F1056B6B906E}.Debug|Any CPU.Build.0 = Debug|Any CPU
		{65027321-5133-4CC2-BEA9-F1056B6B906E}.Release|Any CPU.ActiveCfg = Release|Any CPU
		{65027321-5133-4CC2-BEA9-F1056B6B906E}.Release|Any CPU.Build.0 = Release|Any CPU
		{D010A65B-B03A-4EA9-87C9-07AAED22F3CD}.Debug|Any CPU.ActiveCfg = Debug|Any CPU
		{D010A65B-B03A-4EA9-87C9-07AAED22F3CD}.Debug|Any CPU.Build.0 = Debug|Any CPU
		{D010A65B-B03A-4EA9-87C9-07AAED22F3CD}.Release|Any CPU.ActiveCfg = Release|Any CPU
		{D010A65B-B03A-4EA9-87C9-07AAED22F3CD}.Release|Any CPU.Build.0 = Release|Any CPU
	EndGlobalSection
	GlobalSection(SolutionProperties) = preSolution
		HideSolutionNode = FALSE
	EndGlobalSection
	GlobalSection(ExtensibilityGlobals) = postSolution
		SolutionGuid = {1FE86297-16ED-4D6A-8751-8C83A3D76269}
	EndGlobalSection
EndGlobal
