
Microsoft Visual Studio Solution File, Format Version 12.00
# Visual Studio Version 17
VisualStudioVersion = 17.4.33205.214
MinimumVisualStudioVersion = 10.0.40219.1
Project("{FAE04EC0-301F-11D3-BF4B-00C04F79EFBC}") = "QuanlyBanhang", "QuanlyBanhang\QuanlyBanhang.csproj", "{BEBAA739-3857-47A7-A049-2BED2FE11C9B}"
EndProject
Global
	GlobalSection(SolutionConfigurationPlatforms) = preSolution
		Debug|Any CPU = Debug|Any CPU
		Release|Any CPU = Release|Any CPU
	EndGlobalSection
	GlobalSection(ProjectConfigurationPlatforms) = postSolution
		{BEBAA739-3857-47A7-A049-2BED2FE11C9B}.Debug|Any CPU.ActiveCfg = Debug|Any CPU
		{BEBAA739-3857-47A7-A049-2BED2FE11C9B}.Debug|Any CPU.Build.0 = Debug|Any CPU
		{BEBAA739-3857-47A7-A049-2BED2FE11C9B}.Release|Any CPU.ActiveCfg = Release|Any CPU
		{BEBAA739-3857-47A7-A049-2BED2FE11C9B}.Release|Any CPU.Build.0 = Release|Any CPU
	EndGlobalSection
	GlobalSection(SolutionProperties) = preSolution
		HideSolutionNode = FALSE
	EndGlobalSection
	GlobalSection(ExtensibilityGlobals) = postSolution
		SolutionGuid = {901F0764-B726-45C3-99BF-EE1AB77E08AC}
	EndGlobalSection
EndGlobal
