
Microsoft Visual Studio Solution File, Format Version 12.00
# Visual Studio Version 17
VisualStudioVersion = 17.4.33205.214
MinimumVisualStudioVersion = 10.0.40219.1
Project("{FAE04EC0-301F-11D3-BF4B-00C04F79EFBC}") = "NgoTatSon_Bai6", "NgoTatSon_Bai6\NgoTatSon_Bai6.csproj", "{6675FAC7-8102-4E3C-8520-5BAFED819F2A}"
EndProject
Global
	GlobalSection(SolutionConfigurationPlatforms) = preSolution
		Debug|Any CPU = Debug|Any CPU
		Release|Any CPU = Release|Any CPU
	EndGlobalSection
	GlobalSection(ProjectConfigurationPlatforms) = postSolution
		{6675FAC7-8102-4E3C-8520-5BAFED819F2A}.Debug|Any CPU.ActiveCfg = Debug|Any CPU
		{6675FAC7-8102-4E3C-8520-5BAFED819F2A}.Debug|Any CPU.Build.0 = Debug|Any CPU
		{6675FAC7-8102-4E3C-8520-5BAFED819F2A}.Release|Any CPU.ActiveCfg = Release|Any CPU
		{6675FAC7-8102-4E3C-8520-5BAFED819F2A}.Release|Any CPU.Build.0 = Release|Any CPU
	EndGlobalSection
	GlobalSection(SolutionProperties) = preSolution
		HideSolutionNode = FALSE
	EndGlobalSection
	GlobalSection(ExtensibilityGlobals) = postSolution
		SolutionGuid = {61573EB4-8ECD-4DD5-AF33-95D39D7B14F4}
	EndGlobalSection
EndGlobal
