
Microsoft Visual Studio Solution File, Format Version 12.00
# Visual Studio Version 17
VisualStudioVersion = 17.4.33205.214
MinimumVisualStudioVersion = 10.0.40219.1
Project("{FAE04EC0-301F-11D3-BF4B-00C04F79EFBC}") = "testbai8", "testbai8\testbai8.csproj", "{31490E5B-F3AF-41DD-A678-C39FA0D8CF4F}"
EndProject
Global
	GlobalSection(SolutionConfigurationPlatforms) = preSolution
		Debug|Any CPU = Debug|Any CPU
		Release|Any CPU = Release|Any CPU
	EndGlobalSection
	GlobalSection(ProjectConfigurationPlatforms) = postSolution
		{31490E5B-F3AF-41DD-A678-C39FA0D8CF4F}.Debug|Any CPU.ActiveCfg = Debug|Any CPU
		{31490E5B-F3AF-41DD-A678-C39FA0D8CF4F}.Debug|Any CPU.Build.0 = Debug|Any CPU
		{31490E5B-F3AF-41DD-A678-C39FA0D8CF4F}.Release|Any CPU.ActiveCfg = Release|Any CPU
		{31490E5B-F3AF-41DD-A678-C39FA0D8CF4F}.Release|Any CPU.Build.0 = Release|Any CPU
	EndGlobalSection
	GlobalSection(SolutionProperties) = preSolution
		HideSolutionNode = FALSE
	EndGlobalSection
	GlobalSection(ExtensibilityGlobals) = postSolution
		SolutionGuid = {AF77DDCE-9060-4B7B-AFA9-3D2DF6DB0D43}
	EndGlobalSection
EndGlobal
