
Microsoft Visual Studio Solution File, Format Version 12.00
# Visual Studio Version 17
VisualStudioVersion = 17.4.33205.214
MinimumVisualStudioVersion = 10.0.40219.1
Project("{FAE04EC0-301F-11D3-BF4B-00C04F79EFBC}") = "WindowsFormsApp1", "WindowsFormsApp1\WindowsFormsApp1.csproj", "{D3B7C4C1-47E3-4F53-AE9C-CFC7219069DB}"
EndProject
Global
	GlobalSection(SolutionConfigurationPlatforms) = preSolution
		Debug|Any CPU = Debug|Any CPU
		Release|Any CPU = Release|Any CPU
	EndGlobalSection
	GlobalSection(ProjectConfigurationPlatforms) = postSolution
		{D3B7C4C1-47E3-4F53-AE9C-CFC7219069DB}.Debug|Any CPU.ActiveCfg = Debug|Any CPU
		{D3B7C4C1-47E3-4F53-AE9C-CFC7219069DB}.Debug|Any CPU.Build.0 = Debug|Any CPU
		{D3B7C4C1-47E3-4F53-AE9C-CFC7219069DB}.Release|Any CPU.ActiveCfg = Release|Any CPU
		{D3B7C4C1-47E3-4F53-AE9C-CFC7219069DB}.Release|Any CPU.Build.0 = Release|Any CPU
	EndGlobalSection
	GlobalSection(SolutionProperties) = preSolution
		HideSolutionNode = FALSE
	EndGlobalSection
	GlobalSection(ExtensibilityGlobals) = postSolution
		SolutionGuid = {844A1F60-EEA0-4065-A339-32C4708613D2}
	EndGlobalSection
EndGlobal
