
Microsoft Visual Studio Solution File, Format Version 12.00
# Visual Studio Version 17
VisualStudioVersion = 17.4.33205.214
MinimumVisualStudioVersion = 10.0.40219.1
Project("{FAE04EC0-301F-11D3-BF4B-00C04F79EFBC}") = "thiKTHP", "thiKTHP\thiKTHP.csproj", "{D9BE33B3-DE90-44C4-B580-B18C32EA34AF}"
EndProject
Global
	GlobalSection(SolutionConfigurationPlatforms) = preSolution
		Debug|Any CPU = Debug|Any CPU
		Release|Any CPU = Release|Any CPU
	EndGlobalSection
	GlobalSection(ProjectConfigurationPlatforms) = postSolution
		{D9BE33B3-DE90-44C4-B580-B18C32EA34AF}.Debug|Any CPU.ActiveCfg = Debug|Any CPU
		{D9BE33B3-DE90-44C4-B580-B18C32EA34AF}.Debug|Any CPU.Build.0 = Debug|Any CPU
		{D9BE33B3-DE90-44C4-B580-B18C32EA34AF}.Release|Any CPU.ActiveCfg = Release|Any CPU
		{D9BE33B3-DE90-44C4-B580-B18C32EA34AF}.Release|Any CPU.Build.0 = Release|Any CPU
	EndGlobalSection
	GlobalSection(SolutionProperties) = preSolution
		HideSolutionNode = FALSE
	EndGlobalSection
	GlobalSection(ExtensibilityGlobals) = postSolution
		SolutionGuid = {D9D7AEF0-AD49-4DEF-AAEC-28DC60C7ACF9}
	EndGlobalSection
EndGlobal
